
Microsoft Visual Studio Solution File, Format Version 12.00
# Visual Studio Version 16
VisualStudioVersion = 16.0.31911.196
MinimumVisualStudioVersion = 10.0.40219.1
Project("{FAE04EC0-301F-11D3-BF4B-00C04F79EFBC}") = "Linq.Lambda.Select", "Linq.Lambda.Select\Linq.Lambda.Select.csproj", "{0C642AE7-15C0-4E54-BA83-B2D514290C8C}"
EndProject
Project("{FAE04EC0-301F-11D3-BF4B-00C04F79EFBC}") = "Linq.Sintaxe.Alternativa", "Linq.Sintaxe.Alternativa\Linq.Sintaxe.Alternativa.csproj", "{38D0DA6D-1B20-4303-836F-9205241C3019}"
EndProject
Project("{FAE04EC0-301F-11D3-BF4B-00C04F79EFBC}") = "Linq.Objeto", "Linq.Objeto\Linq.Objeto.csproj", "{45AA58E1-6B5F-4EC5-887C-8B97A117B822}"
EndProject
Project("{FAE04EC0-301F-11D3-BF4B-00C04F79EFBC}") = "Linq.Join", "Linq.Join\Linq.Join.csproj", "{EDF614DD-3C70-4C99-BDF6-41619961AB0F}"
EndProject
Project("{FAE04EC0-301F-11D3-BF4B-00C04F79EFBC}") = "Linq.Group", "Linq.Group\Linq.Group.csproj", "{9584DA9F-0F8E-4CB0-AA83-99A1DBFAD0B0}"
EndProject
Global
	GlobalSection(SolutionConfigurationPlatforms) = preSolution
		Debug|Any CPU = Debug|Any CPU
		Release|Any CPU = Release|Any CPU
	EndGlobalSection
	GlobalSection(ProjectConfigurationPlatforms) = postSolution
		{0C642AE7-15C0-4E54-BA83-B2D514290C8C}.Debug|Any CPU.ActiveCfg = Debug|Any CPU
		{0C642AE7-15C0-4E54-BA83-B2D514290C8C}.Debug|Any CPU.Build.0 = Debug|Any CPU
		{0C642AE7-15C0-4E54-BA83-B2D514290C8C}.Release|Any CPU.ActiveCfg = Release|Any CPU
		{0C642AE7-15C0-4E54-BA83-B2D514290C8C}.Release|Any CPU.Build.0 = Release|Any CPU
		{38D0DA6D-1B20-4303-836F-9205241C3019}.Debug|Any CPU.ActiveCfg = Debug|Any CPU
		{38D0DA6D-1B20-4303-836F-9205241C3019}.Debug|Any CPU.Build.0 = Debug|Any CPU
		{38D0DA6D-1B20-4303-836F-9205241C3019}.Release|Any CPU.ActiveCfg = Release|Any CPU
		{38D0DA6D-1B20-4303-836F-9205241C3019}.Release|Any CPU.Build.0 = Release|Any CPU
		{45AA58E1-6B5F-4EC5-887C-8B97A117B822}.Debug|Any CPU.ActiveCfg = Debug|Any CPU
		{45AA58E1-6B5F-4EC5-887C-8B97A117B822}.Debug|Any CPU.Build.0 = Debug|Any CPU
		{45AA58E1-6B5F-4EC5-887C-8B97A117B822}.Release|Any CPU.ActiveCfg = Release|Any CPU
		{45AA58E1-6B5F-4EC5-887C-8B97A117B822}.Release|Any CPU.Build.0 = Release|Any CPU
		{EDF614DD-3C70-4C99-BDF6-41619961AB0F}.Debug|Any CPU.ActiveCfg = Debug|Any CPU
		{EDF614DD-3C70-4C99-BDF6-41619961AB0F}.Debug|Any CPU.Build.0 = Debug|Any CPU
		{EDF614DD-3C70-4C99-BDF6-41619961AB0F}.Release|Any CPU.ActiveCfg = Release|Any CPU
		{EDF614DD-3C70-4C99-BDF6-41619961AB0F}.Release|Any CPU.Build.0 = Release|Any CPU
		{9584DA9F-0F8E-4CB0-AA83-99A1DBFAD0B0}.Debug|Any CPU.ActiveCfg = Debug|Any CPU
		{9584DA9F-0F8E-4CB0-AA83-99A1DBFAD0B0}.Debug|Any CPU.Build.0 = Debug|Any CPU
		{9584DA9F-0F8E-4CB0-AA83-99A1DBFAD0B0}.Release|Any CPU.ActiveCfg = Release|Any CPU
		{9584DA9F-0F8E-4CB0-AA83-99A1DBFAD0B0}.Release|Any CPU.Build.0 = Release|Any CPU
	EndGlobalSection
	GlobalSection(SolutionProperties) = preSolution
		HideSolutionNode = FALSE
	EndGlobalSection
	GlobalSection(ExtensibilityGlobals) = postSolution
		SolutionGuid = {547DD74D-3131-42AD-BF2E-99901E0345D2}
	EndGlobalSection
EndGlobal
